
Microsoft Visual Studio Solution File, Format Version 12.00
Project("{FAE04EC0-301F-11D3-BF4B-00C04F79EFBC}") = "Profundizando en las técnicas de OOP", "Profundizando en las técnicas de OOP\Profundizando en las técnicas de OOP.csproj", "{A5C0BB9C-E6DB-469A-8312-5C5C53DDBEC3}"
EndProject
Project("{FAE04EC0-301F-11D3-BF4B-00C04F79EFBC}") = "TestProject", "TestProject\TestProject.csproj", "{3E22E41E-7AE0-403A-B3D9-BA5861A95A98}"
EndProject
Global
	GlobalSection(SolutionConfigurationPlatforms) = preSolution
		Debug|Any CPU = Debug|Any CPU
		Release|Any CPU = Release|Any CPU
	EndGlobalSection
	GlobalSection(ProjectConfigurationPlatforms) = postSolution
		{A5C0BB9C-E6DB-469A-8312-5C5C53DDBEC3}.Debug|Any CPU.ActiveCfg = Debug|Any CPU
		{A5C0BB9C-E6DB-469A-8312-5C5C53DDBEC3}.Debug|Any CPU.Build.0 = Debug|Any CPU
		{A5C0BB9C-E6DB-469A-8312-5C5C53DDBEC3}.Release|Any CPU.ActiveCfg = Release|Any CPU
		{A5C0BB9C-E6DB-469A-8312-5C5C53DDBEC3}.Release|Any CPU.Build.0 = Release|Any CPU
		{3E22E41E-7AE0-403A-B3D9-BA5861A95A98}.Debug|Any CPU.ActiveCfg = Debug|Any CPU
		{3E22E41E-7AE0-403A-B3D9-BA5861A95A98}.Debug|Any CPU.Build.0 = Debug|Any CPU
		{3E22E41E-7AE0-403A-B3D9-BA5861A95A98}.Release|Any CPU.ActiveCfg = Release|Any CPU
		{3E22E41E-7AE0-403A-B3D9-BA5861A95A98}.Release|Any CPU.Build.0 = Release|Any CPU
	EndGlobalSection
EndGlobal
